
Microsoft Visual Studio Solution File, Format Version 12.00
# Visual Studio Version 17
VisualStudioVersion = 17.9.34607.119
MinimumVisualStudioVersion = 10.0.40219.1
Project("{9A19103F-16F7-4668-BE54-9A1E7A4F7556}") = "EasyArchitectV2UIApiWeb9", "EasyArchitectV2UIApiWeb9\EasyArchitectV2UIApiWeb9.csproj", "{04FFB698-8B36-4D5F-84EA-BD829EE0A916}"
EndProject
Project("{2150E333-8FDC-42A3-9474-1A3956D46DE8}") = "方案項目", "方案項目", "{AC30EFD2-72C0-4DE8-AA84-98C35F4654CD}"
	ProjectSection(SolutionItems) = preProject
		README.md = README.md
	EndProjectSection
EndProject
Global
	GlobalSection(SolutionConfigurationPlatforms) = preSolution
		Debug|Any CPU = Debug|Any CPU
		Release|Any CPU = Release|Any CPU
	EndGlobalSection
	GlobalSection(ProjectConfigurationPlatforms) = postSolution
		{04FFB698-8B36-4D5F-84EA-BD829EE0A916}.Debug|Any CPU.ActiveCfg = Debug|Any CPU
		{04FFB698-8B36-4D5F-84EA-BD829EE0A916}.Debug|Any CPU.Build.0 = Debug|Any CPU
		{04FFB698-8B36-4D5F-84EA-BD829EE0A916}.Release|Any CPU.ActiveCfg = Release|Any CPU
		{04FFB698-8B36-4D5F-84EA-BD829EE0A916}.Release|Any CPU.Build.0 = Release|Any CPU
	EndGlobalSection
	GlobalSection(SolutionProperties) = preSolution
		HideSolutionNode = FALSE
	EndGlobalSection
	GlobalSection(ExtensibilityGlobals) = postSolution
		SolutionGuid = {DC6C4CAB-783F-4156-A4C1-0CC6F3BEA63A}
	EndGlobalSection
EndGlobal
